
Microsoft Visual Studio Solution File, Format Version 12.00
# Visual Studio 15
VisualStudioVersion = 15.0.27428.2015
MinimumVisualStudioVersion = 10.0.40219.1
Project("{FAE04EC0-301F-11D3-BF4B-00C04F79EFBC}") = "TicTacToe", "TicTacToe\TicTacToe.csproj", "{35C54709-8F0E-4166-8E3F-12A9C687BF7C}"
EndProject
Global
	GlobalSection(SolutionConfigurationPlatforms) = preSolution
		Debug|Any CPU = Debug|Any CPU
		Release|Any CPU = Release|Any CPU
	EndGlobalSection
	GlobalSection(ProjectConfigurationPlatforms) = postSolution
		{35C54709-8F0E-4166-8E3F-12A9C687BF7C}.Debug|Any CPU.ActiveCfg = Debug|Any CPU
		{35C54709-8F0E-4166-8E3F-12A9C687BF7C}.Debug|Any CPU.Build.0 = Debug|Any CPU
		{35C54709-8F0E-4166-8E3F-12A9C687BF7C}.Release|Any CPU.ActiveCfg = Release|Any CPU
		{35C54709-8F0E-4166-8E3F-12A9C687BF7C}.Release|Any CPU.Build.0 = Release|Any CPU
	EndGlobalSection
	GlobalSection(SolutionProperties) = preSolution
		HideSolutionNode = FALSE
	EndGlobalSection
	GlobalSection(ExtensibilityGlobals) = postSolution
		SolutionGuid = {5771B44B-0D07-4BDF-AA87-3C5DD4934B19}
	EndGlobalSection
EndGlobal
